<?xml version="1.0" encoding="utf-8"?>
<Project ToolsVersion="4.0" xmlns="http://schemas.microsoft.com/developer/msbuild/2003">
  <ItemGroup>
    <Filter Include="소스 파일">
      <UniqueIdentifier>{4FC737F1-C7A5-4376-A066-2A32D752A2FF}</UniqueIdentifier>
      <Extensions>cpp;c;cc;cxx;def;odl;idl;hpj;bat;asm;asmx</Extensions>
    </Filter>
    <Filter Include="헤더 파일">
      <UniqueIdentifier>{93995380-89BD-4b04-88EB-625FBE52EBFB}</UniqueIdentifier>
      <Extensions>h;hpp;hxx;hm;inl;inc;xsd</Extensions>
    </Filter>
    <Filter Include="리소스 파일">
      <UniqueIdentifier>{67DA6AB6-F800-4c08-8B7A-83BB121AAD01}</UniqueIdentifier>
      <Extensions>rc;ico;cur;bmp;dlg;rc2;rct;bin;rgs;gif;jpg;jpeg;jpe;resx;tiff;tif;png;wav;mfcribbon-ms</Extensions>
    </Filter>
  </ItemGroup>
  <ItemGroup>
    <None Include="ReadMe.txt" />
    <None Include="res\JoshuaGIS3.rc2">
      <Filter>리소스 파일</Filter>
    </None>
    <None Include="res\JoshuaGIS3Doc.ico">
      <Filter>리소스 파일</Filter>
    </None>
    <None Include="res\JoshuaGIS3.ico">
      <Filter>리소스 파일</Filter>
    </None>
    <None Include="naktaImage.bmp">
      <Filter>리소스 파일</Filter>
    </None>
    <None Include="naktaImageHigh.bmp">
      <Filter>리소스 파일</Filter>
    </None>
    <None Include="sky.bmp">
      <Filter>리소스 파일</Filter>
    </None>
    <None Include="UserImages.bmp">
      <Filter>리소스 파일</Filter>
    </None>
  </ItemGroup>
  <ItemGroup>
    <ClInclude Include="JoshuaGIS3.h">
      <Filter>헤더 파일</Filter>
    </ClInclude>
    <ClInclude Include="stdafx.h">
      <Filter>헤더 파일</Filter>
    </ClInclude>
    <ClInclude Include="targetver.h">
      <Filter>헤더 파일</Filter>
    </ClInclude>
    <ClInclude Include="MainFrm.h">
      <Filter>헤더 파일</Filter>
    </ClInclude>
    <ClInclude Include="JoshuaGIS3Doc.h">
      <Filter>헤더 파일</Filter>
    </ClInclude>
    <ClInclude Include="JoshuaGIS3View.h">
      <Filter>헤더 파일</Filter>
    </ClInclude>
    <ClInclude Include="Resource.h">
      <Filter>헤더 파일</Filter>
    </ClInclude>
    <ClInclude Include="LeftTree.h">
      <Filter>헤더 파일</Filter>
    </ClInclude>
    <ClInclude Include="BasicExcel.hpp">
      <Filter>헤더 파일</Filter>
    </ClInclude>
    <ClInclude Include="CalculateFace.h">
      <Filter>헤더 파일</Filter>
    </ClInclude>
    <ClInclude Include="CalculateVertex.h">
      <Filter>헤더 파일</Filter>
    </ClInclude>
    <ClInclude Include="Camera.h">
      <Filter>헤더 파일</Filter>
    </ClInclude>
    <ClInclude Include="Coordinate.h">
      <Filter>헤더 파일</Filter>
    </ClInclude>
    <ClInclude Include="ExcelFile.h">
      <Filter>헤더 파일</Filter>
    </ClInclude>
    <ClInclude Include="ExcelFileManage.h">
      <Filter>헤더 파일</Filter>
    </ClInclude>
    <ClInclude Include="ExcelFormat.h">
      <Filter>헤더 파일</Filter>
    </ClInclude>
    <ClInclude Include="Face.h">
      <Filter>헤더 파일</Filter>
    </ClInclude>
    <ClInclude Include="FileManage.h">
      <Filter>헤더 파일</Filter>
    </ClInclude>
    <ClInclude Include="Information.h">
      <Filter>헤더 파일</Filter>
    </ClInclude>
    <ClInclude Include="InformationDraw.h">
      <Filter>헤더 파일</Filter>
    </ClInclude>
    <ClInclude Include="InformationLine.h">
      <Filter>헤더 파일</Filter>
    </ClInclude>
    <ClInclude Include="InformationPoint.h">
      <Filter>헤더 파일</Filter>
    </ClInclude>
    <ClInclude Include="InformationPolygon.h">
      <Filter>헤더 파일</Filter>
    </ClInclude>
    <ClInclude Include="Line.h">
      <Filter>헤더 파일</Filter>
    </ClInclude>
    <ClInclude Include="NaktaVertex.h">
      <Filter>헤더 파일</Filter>
    </ClInclude>
    <ClInclude Include="Polygon.h">
      <Filter>헤더 파일</Filter>
    </ClInclude>
    <ClInclude Include="Sheet.h">
      <Filter>헤더 파일</Filter>
    </ClInclude>
    <ClInclude Include="Texture.h">
      <Filter>헤더 파일</Filter>
    </ClInclude>
    <ClInclude Include="AddExcelDlg.h">
      <Filter>헤더 파일</Filter>
    </ClInclude>
    <ClInclude Include="AddSheetDlg.h">
      <Filter>헤더 파일</Filter>
    </ClInclude>
    <ClInclude Include="PropertyForm.h">
      <Filter>헤더 파일</Filter>
    </ClInclude>
    <ClInclude Include="JoshuaGISColor.h">
      <Filter>헤더 파일</Filter>
    </ClInclude>
    <ClInclude Include="DeleteExcelDlg.h">
      <Filter>헤더 파일</Filter>
    </ClInclude>
    <ClInclude Include="RemoveConfirmDlg.h">
      <Filter>헤더 파일</Filter>
    </ClInclude>
    <ClInclude Include="RemoveSheetDlg.h">
      <Filter>헤더 파일</Filter>
    </ClInclude>
    <ClInclude Include="AddObjectDlg.h">
      <Filter>헤더 파일</Filter>
    </ClInclude>
  </ItemGroup>
  <ItemGroup>
    <ClCompile Include="JoshuaGIS3.cpp">
      <Filter>소스 파일</Filter>
    </ClCompile>
    <ClCompile Include="stdafx.cpp">
      <Filter>소스 파일</Filter>
    </ClCompile>
    <ClCompile Include="MainFrm.cpp">
      <Filter>소스 파일</Filter>
    </ClCompile>
    <ClCompile Include="JoshuaGIS3Doc.cpp">
      <Filter>소스 파일</Filter>
    </ClCompile>
    <ClCompile Include="JoshuaGIS3View.cpp">
      <Filter>소스 파일</Filter>
    </ClCompile>
    <ClCompile Include="LeftTree.cpp">
      <Filter>소스 파일</Filter>
    </ClCompile>
    <ClCompile Include="ExcelFormat.cpp">
      <Filter>소스 파일</Filter>
    </ClCompile>
    <ClCompile Include="Face.cpp">
      <Filter>소스 파일</Filter>
    </ClCompile>
    <ClCompile Include="FileManage.cpp">
      <Filter>소스 파일</Filter>
    </ClCompile>
    <ClCompile Include="Information.cpp">
      <Filter>소스 파일</Filter>
    </ClCompile>
    <ClCompile Include="InformationDraw.cpp">
      <Filter>소스 파일</Filter>
    </ClCompile>
    <ClCompile Include="InformationLine.cpp">
      <Filter>소스 파일</Filter>
    </ClCompile>
    <ClCompile Include="InformationPoint.cpp">
      <Filter>소스 파일</Filter>
    </ClCompile>
    <ClCompile Include="InformationPolygon.cpp">
      <Filter>소스 파일</Filter>
    </ClCompile>
    <ClCompile Include="Line.cpp">
      <Filter>소스 파일</Filter>
    </ClCompile>
    <ClCompile Include="NaktaVertex.cpp">
      <Filter>소스 파일</Filter>
    </ClCompile>
    <ClCompile Include="Polygon.cpp">
      <Filter>소스 파일</Filter>
    </ClCompile>
    <ClCompile Include="Sheet.cpp">
      <Filter>소스 파일</Filter>
    </ClCompile>
    <ClCompile Include="Texture.cpp">
      <Filter>소스 파일</Filter>
    </ClCompile>
    <ClCompile Include="BasicExcel.cpp">
      <Filter>소스 파일</Filter>
    </ClCompile>
    <ClCompile Include="CalculateFace.cpp">
      <Filter>소스 파일</Filter>
    </ClCompile>
    <ClCompile Include="CalculateVertex.cpp">
      <Filter>소스 파일</Filter>
    </ClCompile>
    <ClCompile Include="Camera.cpp">
      <Filter>소스 파일</Filter>
    </ClCompile>
    <ClCompile Include="Coordinate.cpp">
      <Filter>소스 파일</Filter>
    </ClCompile>
    <ClCompile Include="ExcelFile.cpp">
      <Filter>소스 파일</Filter>
    </ClCompile>
    <ClCompile Include="ExcelFileManage.cpp">
      <Filter>소스 파일</Filter>
    </ClCompile>
    <ClCompile Include="AddExcelDlg.cpp">
      <Filter>소스 파일</Filter>
    </ClCompile>
    <ClCompile Include="AddSheetDlg.cpp">
      <Filter>소스 파일</Filter>
    </ClCompile>
    <ClCompile Include="PropertyForm.cpp">
      <Filter>소스 파일</Filter>
    </ClCompile>
    <ClCompile Include="JoshuaGISColor.cpp">
      <Filter>소스 파일</Filter>
    </ClCompile>
    <ClCompile Include="DeleteExcelDlg.cpp">
      <Filter>소스 파일</Filter>
    </ClCompile>
    <ClCompile Include="RemoveConfirmDlg.cpp">
      <Filter>소스 파일</Filter>
    </ClCompile>
    <ClCompile Include="RemoveSheetDlg.cpp">
      <Filter>소스 파일</Filter>
    </ClCompile>
    <ClCompile Include="AddObjectDlg.cpp">
      <Filter>소스 파일</Filter>
    </ClCompile>
  </ItemGroup>
  <ItemGroup>
    <ResourceCompile Include="JoshuaGIS3.rc">
      <Filter>리소스 파일</Filter>
    </ResourceCompile>
  </ItemGroup>
</Project>